
Microsoft Visual Studio Solution File, Format Version 12.00
# Visual Studio Version 17
VisualStudioVersion = 17.13.35919.96 d17.13
MinimumVisualStudioVersion = 10.0.40219.1
Project("{FAE04EC0-301F-11D3-BF4B-00C04F79EFBC}") = "Учет Студентов", "Учет Студентов.csproj", "{58008C5D-E670-4657-87D8-41EE8BFE60DD}"
EndProject
Global
	GlobalSection(SolutionConfigurationPlatforms) = preSolution
		Debug|Any CPU = Debug|Any CPU
		Release|Any CPU = Release|Any CPU
	EndGlobalSection
	GlobalSection(ProjectConfigurationPlatforms) = postSolution
		{58008C5D-E670-4657-87D8-41EE8BFE60DD}.Debug|Any CPU.ActiveCfg = Debug|Any CPU
		{58008C5D-E670-4657-87D8-41EE8BFE60DD}.Debug|Any CPU.Build.0 = Debug|Any CPU
		{58008C5D-E670-4657-87D8-41EE8BFE60DD}.Release|Any CPU.ActiveCfg = Release|Any CPU
		{58008C5D-E670-4657-87D8-41EE8BFE60DD}.Release|Any CPU.Build.0 = Release|Any CPU
	EndGlobalSection
	GlobalSection(SolutionProperties) = preSolution
		HideSolutionNode = FALSE
	EndGlobalSection
	GlobalSection(ExtensibilityGlobals) = postSolution
		SolutionGuid = {6DA7C69B-3E34-49F0-813F-C9EA7E90A064}
	EndGlobalSection
EndGlobal
